
Microsoft Visual Studio Solution File, Format Version 12.00
# Visual Studio Version 17
VisualStudioVersion = 17.4.33213.308
MinimumVisualStudioVersion = 10.0.40219.1
Project("{FAE04EC0-301F-11D3-BF4B-00C04F79EFBC}") = "authtest", "authtest.csproj", "{A2299651-636A-402E-8BB1-7AA1646F2F33}"
EndProject
Global
	GlobalSection(SolutionConfigurationPlatforms) = preSolution
		Debug|Any CPU = Debug|Any CPU
		Release|Any CPU = Release|Any CPU
	EndGlobalSection
	GlobalSection(ProjectConfigurationPlatforms) = postSolution
		{A2299651-636A-402E-8BB1-7AA1646F2F33}.Debug|Any CPU.ActiveCfg = Debug|Any CPU
		{A2299651-636A-402E-8BB1-7AA1646F2F33}.Debug|Any CPU.Build.0 = Debug|Any CPU
		{A2299651-636A-402E-8BB1-7AA1646F2F33}.Release|Any CPU.ActiveCfg = Release|Any CPU
		{A2299651-636A-402E-8BB1-7AA1646F2F33}.Release|Any CPU.Build.0 = Release|Any CPU
	EndGlobalSection
	GlobalSection(SolutionProperties) = preSolution
		HideSolutionNode = FALSE
	EndGlobalSection
	GlobalSection(ExtensibilityGlobals) = postSolution
		SolutionGuid = {478D054C-4104-4BFC-BEF4-3100D7BA35E2}
	EndGlobalSection
EndGlobal
